
Microsoft Visual Studio Solution File, Format Version 12.00
# Visual Studio 14
VisualStudioVersion = 14.0.25420.1
MinimumVisualStudioVersion = 10.0.40219.1
Project("{2150E333-8FDC-42A3-9474-1A3956D46DE8}") = "src", "src", "{A352B0EE-35F8-4488-BF26-5D3B086C9552}"
EndProject
Project("{2150E333-8FDC-42A3-9474-1A3956D46DE8}") = "Solution Items", "Solution Items", "{1DBF5731-DA38-4C91-9064-887330EF9010}"
	ProjectSection(SolutionItems) = preProject
		global.json = global.json
	EndProjectSection
EndProject
Project("{8BB2217D-0F2D-49D1-97BC-3654ED321F3B}") = "SrcCtrlPractice2", "src\SrcCtrlPractice2\SrcCtrlPractice2.xproj", "{910B6AD1-C411-439C-8D26-566DE293B110}"
EndProject
Global
	GlobalSection(SolutionConfigurationPlatforms) = preSolution
		Debug|Any CPU = Debug|Any CPU
		Release|Any CPU = Release|Any CPU
	EndGlobalSection
	GlobalSection(ProjectConfigurationPlatforms) = postSolution
		{910B6AD1-C411-439C-8D26-566DE293B110}.Debug|Any CPU.ActiveCfg = Debug|Any CPU
		{910B6AD1-C411-439C-8D26-566DE293B110}.Debug|Any CPU.Build.0 = Debug|Any CPU
		{910B6AD1-C411-439C-8D26-566DE293B110}.Release|Any CPU.ActiveCfg = Release|Any CPU
		{910B6AD1-C411-439C-8D26-566DE293B110}.Release|Any CPU.Build.0 = Release|Any CPU
	EndGlobalSection
	GlobalSection(SolutionProperties) = preSolution
		HideSolutionNode = FALSE
	EndGlobalSection
	GlobalSection(NestedProjects) = preSolution
		{910B6AD1-C411-439C-8D26-566DE293B110} = {A352B0EE-35F8-4488-BF26-5D3B086C9552}
	EndGlobalSection
EndGlobal
